# This file is automatically @generated by Wally.
# It is not intended for manual editing.
registry = "test"

[[package]]
name = "twocelgames/fastsig"
version = "0.1.0"
dependencies = [["FastTasks", "twocelgames/fasttasks@0.3.2"]]

[[package]]
name = "twocelgames/fasttasks"
version = "0.3.2"
dependencies = []

[[package]]
name = "twocelgames/twonet"
version = "0.1.0"
dependencies = [["FastSig", "twocelgames/fastsig@0.1.0"], ["FastTasks", "twocelgames/fasttasks@0.3.2"]]
